
Microsoft Visual Studio Solution File, Format Version 12.00
# Visual Studio Version 16
VisualStudioVersion = 16.0.29424.173
MinimumVisualStudioVersion = 10.0.40219.1
Project("{9A19103F-16F7-4668-BE54-9A1E7A4F7556}") = "CarPartsShop", "CarPartsShop\CarPartsShop.csproj", "{8CD60F8F-596B-4CD2-8A7A-ED6906373E42}"
EndProject
Project("{FAE04EC0-301F-11D3-BF4B-00C04F79EFBC}") = "Infrastructure", "Infrastructure\Infrastructure.csproj", "{E55F0894-4292-4545-BC8F-4E51871A14C8}"
EndProject
Project("{FAE04EC0-301F-11D3-BF4B-00C04F79EFBC}") = "Domain", "Domain\Domain.csproj", "{689221B7-B44E-4A40-B4D4-4358298BD199}"
EndProject
Global
	GlobalSection(SolutionConfigurationPlatforms) = preSolution
		Debug|Any CPU = Debug|Any CPU
		Release|Any CPU = Release|Any CPU
	EndGlobalSection
	GlobalSection(ProjectConfigurationPlatforms) = postSolution
		{8CD60F8F-596B-4CD2-8A7A-ED6906373E42}.Debug|Any CPU.ActiveCfg = Debug|Any CPU
		{8CD60F8F-596B-4CD2-8A7A-ED6906373E42}.Debug|Any CPU.Build.0 = Debug|Any CPU
		{8CD60F8F-596B-4CD2-8A7A-ED6906373E42}.Release|Any CPU.ActiveCfg = Release|Any CPU
		{8CD60F8F-596B-4CD2-8A7A-ED6906373E42}.Release|Any CPU.Build.0 = Release|Any CPU
		{E55F0894-4292-4545-BC8F-4E51871A14C8}.Debug|Any CPU.ActiveCfg = Debug|Any CPU
		{E55F0894-4292-4545-BC8F-4E51871A14C8}.Debug|Any CPU.Build.0 = Debug|Any CPU
		{E55F0894-4292-4545-BC8F-4E51871A14C8}.Release|Any CPU.ActiveCfg = Release|Any CPU
		{E55F0894-4292-4545-BC8F-4E51871A14C8}.Release|Any CPU.Build.0 = Release|Any CPU
		{689221B7-B44E-4A40-B4D4-4358298BD199}.Debug|Any CPU.ActiveCfg = Debug|Any CPU
		{689221B7-B44E-4A40-B4D4-4358298BD199}.Debug|Any CPU.Build.0 = Debug|Any CPU
		{689221B7-B44E-4A40-B4D4-4358298BD199}.Release|Any CPU.ActiveCfg = Release|Any CPU
		{689221B7-B44E-4A40-B4D4-4358298BD199}.Release|Any CPU.Build.0 = Release|Any CPU
	EndGlobalSection
	GlobalSection(SolutionProperties) = preSolution
		HideSolutionNode = FALSE
	EndGlobalSection
	GlobalSection(ExtensibilityGlobals) = postSolution
		SolutionGuid = {291521B9-3DD9-4FF0-8A6E-1EDBFCA40D2A}
	EndGlobalSection
EndGlobal
